{
  "requires": true,
  "lockfileVersion": 1,
  "dependencies": {
    "@ppzp/http-router": {
      "version": "0.0.0",
      "resolved": "https://registry.npmjs.org/@ppzp/http-router/-/http-router-0.0.0.tgz",
      "integrity": "sha512-UNTdZfTXs/sMLkeXMFVr/nP7Ewo2kb5PxCYtj8tst0Iy9sWcQtAEtiW+v/uBr0ieEd3Zuj2SSIZEiBVB0skJAg=="
    },
    "@ppzp/resh": {
      "version": "0.0.0",
      "resolved": "https://registry.npmjs.org/@ppzp/resh/-/resh-0.0.0.tgz",
      "integrity": "sha512-SEJ+pE+69j+hLYQcqWH3f5H55DZaFK1sRPwUnpqnAulaHlHIbsJbrb2Jo494cs/Wqplsdm8vMaOVtsHJTfVkag=="
    }
  }
}
